
Microsoft Visual Studio Solution File, Format Version 12.00
# Visual Studio Version 18
VisualStudioVersion = 18.2.11415.280
MinimumVisualStudioVersion = 10.0.40219.1
Project("{2150E333-8FDC-42A3-9474-1A3956D46DE8}") = "src", "src", "{6C83A596-D32D-B35F-00DD-F0C99B673980}"
EndProject
Project("{2150E333-8FDC-42A3-9474-1A3956D46DE8}") = "test", "test", "{9B3CDF2A-0F7D-49DE-971D-D56E33B283E3}"
EndProject
Project("{2150E333-8FDC-42A3-9474-1A3956D46DE8}") = "docs", "docs", "{E9EE0E8C-8948-4386-AB18-77DDC3779D7A}"
EndProject
Project("{FAE04EC0-301F-11D3-BF4B-00C04F79EFBC}") = "BlaisePascal.LessonsExamples.Domain", "src\BlaisePascal.LessonsExamples.Domain\BlaisePascal.LessonsExamples.Domain.csproj", "{995313B9-2952-4168-A614-3C0DD7B2C625}"
EndProject
Project("{FAE04EC0-301F-11D3-BF4B-00C04F79EFBC}") = "BlaisePascal.LessonsExamples.Domain.UnitTests", "test\BlaisePascal.LessonsExamples.Domain.UnitTests\BlaisePascal.LessonsExamples.Domain.UnitTests.csproj", "{A0D22363-C8BA-48E7-95AD-83AC102E5E4F}"
EndProject
Project("{FAE04EC0-301F-11D3-BF4B-00C04F79EFBC}") = "BlaisePascal.LessonsExamples.Application", "src\BlaisePascal.LessonsExamples.Application\BlaisePascal.LessonsExamples.Application.csproj", "{9B0CA086-AA79-4C2F-8CF3-0210B1B60C48}"
EndProject
Project("{FAE04EC0-301F-11D3-BF4B-00C04F79EFBC}") = "BlaisePascal.LessonsExamples.WpfUI", "src\BlaisePascal.LessonsExamples.WpfUI\BlaisePascal.LessonsExamples.WpfUI.csproj", "{12AA0493-9E5D-4A26-A337-36AFD8F2D142}"
EndProject
Project("{FAE04EC0-301F-11D3-BF4B-00C04F79EFBC}") = "BlaisePascal.LessonsExamples.Console", "src\BlaisePascal.LessonsExamples.Console\BlaisePascal.LessonsExamples.Console.csproj", "{FB4F3B62-320D-403A-A520-2F0DCF11F006}"
EndProject
Project("{FAE04EC0-301F-11D3-BF4B-00C04F79EFBC}") = "BlaisePascal.LessonsExamples.SharedKernel", "src\BlaisePascal.LessonsExamples.SharedKernel\BlaisePascal.LessonsExamples.SharedKernel.csproj", "{8ED8779A-1BEA-49B7-9ACF-70F20A585CE6}"
EndProject
Project("{2150E333-8FDC-42A3-9474-1A3956D46DE8}") = "data", "data", "{68F1F476-0C9F-4E93-874A-D526B7302562}"
	ProjectSection(SolutionItems) = preProject
		data\lamps.csv = data\lamps.csv
		data\lamps.json = data\lamps.json
		data\lamps.txt = data\lamps.txt
	EndProjectSection
EndProject
Project("{FAE04EC0-301F-11D3-BF4B-00C04F79EFBC}") = "BlaisePascal.LessonsExamples.Infrastructure", "src\BlaisePascal.LessonsExamples.Infrastructure\BlaisePascal.LessonsExamples.Infrastructure.csproj", "{A25EABA3-79A4-4F04-A951-EE1CDCDD681B}"
EndProject
Global
	GlobalSection(SolutionConfigurationPlatforms) = preSolution
		Debug|Any CPU = Debug|Any CPU
		Release|Any CPU = Release|Any CPU
	EndGlobalSection
	GlobalSection(ProjectConfigurationPlatforms) = postSolution
		{995313B9-2952-4168-A614-3C0DD7B2C625}.Debug|Any CPU.ActiveCfg = Debug|Any CPU
		{995313B9-2952-4168-A614-3C0DD7B2C625}.Debug|Any CPU.Build.0 = Debug|Any CPU
		{995313B9-2952-4168-A614-3C0DD7B2C625}.Release|Any CPU.ActiveCfg = Release|Any CPU
		{995313B9-2952-4168-A614-3C0DD7B2C625}.Release|Any CPU.Build.0 = Release|Any CPU
		{A0D22363-C8BA-48E7-95AD-83AC102E5E4F}.Debug|Any CPU.ActiveCfg = Debug|Any CPU
		{A0D22363-C8BA-48E7-95AD-83AC102E5E4F}.Debug|Any CPU.Build.0 = Debug|Any CPU
		{A0D22363-C8BA-48E7-95AD-83AC102E5E4F}.Release|Any CPU.ActiveCfg = Release|Any CPU
		{A0D22363-C8BA-48E7-95AD-83AC102E5E4F}.Release|Any CPU.Build.0 = Release|Any CPU
		{9B0CA086-AA79-4C2F-8CF3-0210B1B60C48}.Debug|Any CPU.ActiveCfg = Debug|Any CPU
		{9B0CA086-AA79-4C2F-8CF3-0210B1B60C48}.Debug|Any CPU.Build.0 = Debug|Any CPU
		{9B0CA086-AA79-4C2F-8CF3-0210B1B60C48}.Release|Any CPU.ActiveCfg = Release|Any CPU
		{9B0CA086-AA79-4C2F-8CF3-0210B1B60C48}.Release|Any CPU.Build.0 = Release|Any CPU
		{12AA0493-9E5D-4A26-A337-36AFD8F2D142}.Debug|Any CPU.ActiveCfg = Debug|Any CPU
		{12AA0493-9E5D-4A26-A337-36AFD8F2D142}.Debug|Any CPU.Build.0 = Debug|Any CPU
		{12AA0493-9E5D-4A26-A337-36AFD8F2D142}.Release|Any CPU.ActiveCfg = Release|Any CPU
		{12AA0493-9E5D-4A26-A337-36AFD8F2D142}.Release|Any CPU.Build.0 = Release|Any CPU
		{FB4F3B62-320D-403A-A520-2F0DCF11F006}.Debug|Any CPU.ActiveCfg = Debug|Any CPU
		{FB4F3B62-320D-403A-A520-2F0DCF11F006}.Debug|Any CPU.Build.0 = Debug|Any CPU
		{FB4F3B62-320D-403A-A520-2F0DCF11F006}.Release|Any CPU.ActiveCfg = Release|Any CPU
		{FB4F3B62-320D-403A-A520-2F0DCF11F006}.Release|Any CPU.Build.0 = Release|Any CPU
		{8ED8779A-1BEA-49B7-9ACF-70F20A585CE6}.Debug|Any CPU.ActiveCfg = Debug|Any CPU
		{8ED8779A-1BEA-49B7-9ACF-70F20A585CE6}.Debug|Any CPU.Build.0 = Debug|Any CPU
		{8ED8779A-1BEA-49B7-9ACF-70F20A585CE6}.Release|Any CPU.ActiveCfg = Release|Any CPU
		{8ED8779A-1BEA-49B7-9ACF-70F20A585CE6}.Release|Any CPU.Build.0 = Release|Any CPU
		{A25EABA3-79A4-4F04-A951-EE1CDCDD681B}.Debug|Any CPU.ActiveCfg = Debug|Any CPU
		{A25EABA3-79A4-4F04-A951-EE1CDCDD681B}.Debug|Any CPU.Build.0 = Debug|Any CPU
		{A25EABA3-79A4-4F04-A951-EE1CDCDD681B}.Release|Any CPU.ActiveCfg = Release|Any CPU
		{A25EABA3-79A4-4F04-A951-EE1CDCDD681B}.Release|Any CPU.Build.0 = Release|Any CPU
	EndGlobalSection
	GlobalSection(SolutionProperties) = preSolution
		HideSolutionNode = FALSE
	EndGlobalSection
	GlobalSection(NestedProjects) = preSolution
		{995313B9-2952-4168-A614-3C0DD7B2C625} = {6C83A596-D32D-B35F-00DD-F0C99B673980}
		{A0D22363-C8BA-48E7-95AD-83AC102E5E4F} = {9B3CDF2A-0F7D-49DE-971D-D56E33B283E3}
		{9B0CA086-AA79-4C2F-8CF3-0210B1B60C48} = {6C83A596-D32D-B35F-00DD-F0C99B673980}
		{12AA0493-9E5D-4A26-A337-36AFD8F2D142} = {6C83A596-D32D-B35F-00DD-F0C99B673980}
		{FB4F3B62-320D-403A-A520-2F0DCF11F006} = {6C83A596-D32D-B35F-00DD-F0C99B673980}
		{8ED8779A-1BEA-49B7-9ACF-70F20A585CE6} = {6C83A596-D32D-B35F-00DD-F0C99B673980}
		{A25EABA3-79A4-4F04-A951-EE1CDCDD681B} = {6C83A596-D32D-B35F-00DD-F0C99B673980}
	EndGlobalSection
	GlobalSection(ExtensibilityGlobals) = postSolution
		SolutionGuid = {4BBC00A4-C301-4818-B454-BF321C561DA2}
	EndGlobalSection
EndGlobal
